// !$*UTF8*$!
{
	archiveVersion = 1;
	classes = {
	};
	objectVersion = 56;
	objects = {

/* Begin PBXBuildFile section */
		0D2FE37A2CAF54C500584F71 /* flashcardApp.swift in Sources */ = {isa = PBXBuildFile; fileRef = 0D2FE3792CAF54C500584F71 /* flashcardApp.swift */; };
		0D2FE37C2CAF54C500584F71 /* ContentView.swift in Sources */ = {isa = PBXBuildFile; fileRef = 0D2FE37B2CAF54C500584F71 /* ContentView.swift */; };
		0D2FE37E2CAF54C600584F71 /* Assets.xcassets in Resources */ = {isa = PBXBuildFile; fileRef = 0D2FE37D2CAF54C600584F71 /* Assets.xcassets */; };
		0D2FE3812CAF54C600584F71 /* Preview Assets.xcassets in Resources */ = {isa = PBXBuildFile; fileRef = 0D2FE3802CAF54C600584F71 /* Preview Assets.xcassets */; };
		0D2FE38B2CAF54C700584F71 /* flashcardTests.swift in Sources */ = {isa = PBXBuildFile; fileRef = 0D2FE38A2CAF54C700584F71 /* flashcardTests.swift */; };
		0D2FE3952CAF54C700584F71 /* flashcardUITests.swift in Sources */ = {isa = PBXBuildFile; fileRef = 0D2FE3942CAF54C700584F71 /* flashcardUITests.swift */; };
		0D2FE3972CAF54C700584F71 /* flashcardUITestsLaunchTests.swift in Sources */ = {isa = PBXBuildFile; fileRef = 0D2FE3962CAF54C700584F71 /* flashcardUITestsLaunchTests.swift */; };
/* End PBXBuildFile section */

/* Begin PBXContainerItemProxy section */
		0D2FE3872CAF54C700584F71 /* PBXContainerItemProxy */ = {
			isa = PBXContainerItemProxy;
			containerPortal = 0D2FE36E2CAF54C500584F71 /* Project object */;
			proxyType = 1;
			remoteGlobalIDString = 0D2FE3752CAF54C500584F71;
			remoteInfo = flashcard;
		};
		0D2FE3912CAF54C700584F71 /* PBXContainerItemProxy */ = {
			isa = PBXContainerItemProxy;
			containerPortal = 0D2FE36E2CAF54C500584F71 /* Project object */;
			proxyType = 1;
			remoteGlobalIDString = 0D2FE3752CAF54C500584F71;
			remoteInfo = flashcard;
		};
/* End PBXContainerItemProxy section */

/* Begin PBXFileReference section */
		0D2FE3762CAF54C500584F71 /* flashcard.app */ = {isa = PBXFileReference; explicitFileType = wrapper.application; includeInIndex = 0; path = flashcard.app; sourceTree = BUILT_PRODUCTS_DIR; };
		0D2FE3792CAF54C500584F71 /* flashcardApp.swift */ = {isa = PBXFileReference; lastKnownFileType = sourcecode.swift; path = flashcardApp.swift; sourceTree = "<group>"; };
		0D2FE37B2CAF54C500584F71 /* ContentView.swift */ = {isa = PBXFileReference; lastKnownFileType = sourcecode.swift; path = ContentView.swift; sourceTree = "<group>"; };
		0D2FE37D2CAF54C600584F71 /* Assets.xcassets */ = {isa = PBXFileReference; lastKnownFileType = folder.assetcatalog; path = Assets.xcassets; sourceTree = "<group>"; };
		0D2FE3802CAF54C600584F71 /* Preview Assets.xcassets */ = {isa = PBXFileReference; lastKnownFileType = folder.assetcatalog; path = "Preview Assets.xcassets"; sourceTree = "<group>"; };
		0D2FE3862CAF54C700584F71 /* flashcardTests.xctest */ = {isa = PBXFileReference; explicitFileType = wrapper.cfbundle; includeInIndex = 0; path = flashcardTests.xctest; sourceTree = BUILT_PRODUCTS_DIR; };
		0D2FE38A2CAF54C700584F71 /* flashcardTests.swift */ = {isa = PBXFileReference; lastKnownFileType = sourcecode.swift; path = flashcardTests.swift; sourceTree = "<group>"; };
		0D2FE3902CAF54C700584F71 /* flashcardUITests.xctest */ = {isa = PBXFileReference; explicitFileType = wrapper.cfbundle; includeInIndex = 0; path = flashcardUITests.xctest; sourceTree = BUILT_PRODUCTS_DIR; };
		0D2FE3942CAF54C700584F71 /* flashcardUITests.swift */ = {isa = PBXFileReference; lastKnownFileType = sourcecode.swift; path = flashcardUITests.swift; sourceTree = "<group>"; };
		0D2FE3962CAF54C700584F71 /* flashcardUITestsLaunchTests.swift */ = {isa = PBXFileReference; lastKnownFileType = sourcecode.swift; path = flashcardUITestsLaunchTests.swift; sourceTree = "<group>"; };
/* End PBXFileReference section */

/* Begin PBXFrameworksBuildPhase section */
		0D2FE3732CAF54C500584F71 /* Frameworks */ = {
			isa = PBXFrameworksBuildPhase;
			buildActionMask = 2147483647;
			files = (
			);
			runOnlyForDeploymentPostprocessing = 0;
		};
		0D2FE3832CAF54C700584F71 /* Frameworks */ = {
			isa = PBXFrameworksBuildPhase;
			buildActionMask = 2147483647;
			files = (
			);
			runOnlyForDeploymentPostprocessing = 0;
		};
		0D2FE38D2CAF54C700584F71 /* Frameworks */ = {
			isa = PBXFrameworksBuildPhase;
			buildActionMask = 2147483647;
			files = (
			);
			runOnlyForDeploymentPostprocessing = 0;
		};
/* End PBXFrameworksBuildPhase section */

/* Begin PBXGroup section */
		0D2FE36D2CAF54C500584F71 = {
			isa = PBXGroup;
			children = (
				0D2FE3782CAF54C500584F71 /* flashcard */,
				0D2FE3892CAF54C700584F71 /* flashcardTests */,
				0D2FE3932CAF54C700584F71 /* flashcardUITests */,
				0D2FE3772CAF54C500584F71 /* Products */,
			);
			sourceTree = "<group>";
		};
		0D2FE3772CAF54C500584F71 /* Products */ = {
			isa = PBXGroup;
			children = (
				0D2FE3762CAF54C500584F71 /* flashcard.app */,
				0D2FE3862CAF54C700584F71 /* flashcardTests.xctest */,
				0D2FE3902CAF54C700584F71 /* flashcardUITests.xctest */,
			);
			name = Products;
			sourceTree = "<group>";
		};
		0D2FE3782CAF54C500584F71 /* flashcard */ = {
			isa = PBXGroup;
			children = (
				0D2FE3792CAF54C500584F71 /* flashcardApp.swift */,
				0D2FE37B2CAF54C500584F71 /* ContentView.swift */,
				0D2FE37D2CAF54C600584F71 /* Assets.xcassets */,
				0D2FE37F2CAF54C600584F71 /* Preview Content */,
			);
			path = flashcard;
			sourceTree = "<group>";
		};
		0D2FE37F2CAF54C600584F71 /* Preview Content */ = {
			isa = PBXGroup;
			children = (
				0D2FE3802CAF54C600584F71 /* Preview Assets.xcassets */,
			);
			path = "Preview Content";
			sourceTree = "<group>";
		};
		0D2FE3892CAF54C700584F71 /* flashcardTests */ = {
			isa = PBXGroup;
			children = (
				0D2FE38A2CAF54C700584F71 /* flashcardTests.swift */,
			);
			path = flashcardTests;
			sourceTree = "<group>";
		};
		0D2FE3932CAF54C700584F71 /* flashcardUITests */ = {
			isa = PBXGroup;
			children = (
				0D2FE3942CAF54C700584F71 /* flashcardUITests.swift */,
				0D2FE3962CAF54C700584F71 /* flashcardUITestsLaunchTests.swift */,
			);
			path = flashcardUITests;
			sourceTree = "<group>";
		};
/* End PBXGroup section */

/* Begin PBXNativeTarget section */
		0D2FE3752CAF54C500584F71 /* flashcard */ = {
			isa = PBXNativeTarget;
			buildConfigurationList = 0D2FE39A2CAF54C700584F71 /* Build configuration list for PBXNativeTarget "flashcard" */;
			buildPhases = (
				0D2FE3722CAF54C500584F71 /* Sources */,
				0D2FE3732CAF54C500584F71 /* Frameworks */,
				0D2FE3742CAF54C500584F71 /* Resources */,
			);
			buildRules = (
			);
			dependencies = (
			);
			name = flashcard;
			productName = flashcard;
			productReference = 0D2FE3762CAF54C500584F71 /* flashcard.app */;
			productType = "com.apple.product-type.application";
		};
		0D2FE3852CAF54C700584F71 /* flashcardTests */ = {
			isa = PBXNativeTarget;
			buildConfigurationList = 0D2FE39D2CAF54C700584F71 /* Build configuration list for PBXNativeTarget "flashcardTests" */;
			buildPhases = (
				0D2FE3822CAF54C700584F71 /* Sources */,
				0D2FE3832CAF54C700584F71 /* Frameworks */,
				0D2FE3842CAF54C700584F71 /* Resources */,
			);
			buildRules = (
			);
			dependencies = (
				0D2FE3882CAF54C700584F71 /* PBXTargetDependency */,
			);
			name = flashcardTests;
			productName = flashcardTests;
			productReference = 0D2FE3862CAF54C700584F71 /* flashcardTests.xctest */;
			productType = "com.apple.product-type.bundle.unit-test";
		};
		0D2FE38F2CAF54C700584F71 /* flashcardUITests */ = {
			isa = PBXNativeTarget;
			buildConfigurationList = 0D2FE3A02CAF54C700584F71 /* Build configuration list for PBXNativeTarget "flashcardUITests" */;
			buildPhases = (
				0D2FE38C2CAF54C700584F71 /* Sources */,
				0D2FE38D2CAF54C700584F71 /* Frameworks */,
				0D2FE38E2CAF54C700584F71 /* Resources */,
			);
			buildRules = (
			);
			dependencies = (
				0D2FE3922CAF54C700584F71 /* PBXTargetDependency */,
			);
			name = flashcardUITests;
			productName = flashcardUITests;
			productReference = 0D2FE3902CAF54C700584F71 /* flashcardUITests.xctest */;
			productType = "com.apple.product-type.bundle.ui-testing";
		};
/* End PBXNativeTarget section */

/* Begin PBXProject section */
		0D2FE36E2CAF54C500584F71 /* Project object */ = {
			isa = PBXProject;
			attributes = {
				BuildIndependentTargetsInParallel = 1;
				LastSwiftUpdateCheck = 1540;
				LastUpgradeCheck = 1540;
				TargetAttributes = {
					0D2FE3752CAF54C500584F71 = {
						CreatedOnToolsVersion = 15.4;
					};
					0D2FE3852CAF54C700584F71 = {
						CreatedOnToolsVersion = 15.4;
						TestTargetID = 0D2FE3752CAF54C500584F71;
					};
					0D2FE38F2CAF54C700584F71 = {
						CreatedOnToolsVersion = 15.4;
						TestTargetID = 0D2FE3752CAF54C500584F71;
					};
				};
			};
			buildConfigurationList = 0D2FE3712CAF54C500584F71 /* Build configuration list for PBXProject "flashcard" */;
			compatibilityVersion = "Xcode 14.0";
			developmentRegion = en;
			hasScannedForEncodings = 0;
			knownRegions = (
				en,
				Base,
			);
			mainGroup = 0D2FE36D2CAF54C500584F71;
			productRefGroup = 0D2FE3772CAF54C500584F71 /* Products */;
			projectDirPath = "";
			projectRoot = "";
			targets = (
				0D2FE3752CAF54C500584F71 /* flashcard */,
				0D2FE3852CAF54C700584F71 /* flashcardTests */,
				0D2FE38F2CAF54C700584F71 /* flashcardUITests */,
			);
		};
/* End PBXProject section */

/* Begin PBXResourcesBuildPhase section */
		0D2FE3742CAF54C500584F71 /* Resources */ = {
			isa = PBXResourcesBuildPhase;
			buildActionMask = 2147483647;
			files = (
				0D2FE3812CAF54C600584F71 /* Preview Assets.xcassets in Resources */,
				0D2FE37E2CAF54C600584F71 /* Assets.xcassets in Resources */,
			);
			runOnlyForDeploymentPostprocessing = 0;
		};
		0D2FE3842CAF54C700584F71 /* Resources */ = {
			isa = PBXResourcesBuildPhase;
			buildActionMask = 2147483647;
			files = (
			);
			runOnlyForDeploymentPostprocessing = 0;
		};
		0D2FE38E2CAF54C700584F71 /* Resources */ = {
			isa = PBXResourcesBuildPhase;
			buildActionMask = 2147483647;
			files = (
			);
			runOnlyForDeploymentPostprocessing = 0;
		};
/* End PBXResourcesBuildPhase section */

/* Begin PBXSourcesBuildPhase section */
		0D2FE3722CAF54C500584F71 /* Sources */ = {
			isa = PBXSourcesBuildPhase;
			buildActionMask = 2147483647;
			files = (
				0D2FE37C2CAF54C500584F71 /* ContentView.swift in Sources */,
				0D2FE37A2CAF54C500584F71 /* flashcardApp.swift in Sources */,
			);
			runOnlyForDeploymentPostprocessing = 0;
		};
		0D2FE3822CAF54C700584F71 /* Sources */ = {
			isa = PBXSourcesBuildPhase;
			buildActionMask = 2147483647;
			files = (
				0D2FE38B2CAF54C700584F71 /* flashcardTests.swift in Sources */,
			);
			runOnlyForDeploymentPostprocessing = 0;
		};
		0D2FE38C2CAF54C700584F71 /* Sources */ = {
			isa = PBXSourcesBuildPhase;
			buildActionMask = 2147483647;
			files = (
				0D2FE3952CAF54C700584F71 /* flashcardUITests.swift in Sources */,
				0D2FE3972CAF54C700584F71 /* flashcardUITestsLaunchTests.swift in Sources */,
			);
			runOnlyForDeploymentPostprocessing = 0;
		};
/* End PBXSourcesBuildPhase section */

/* Begin PBXTargetDependency section */
		0D2FE3882CAF54C700584F71 /* PBXTargetDependency */ = {
			isa = PBXTargetDependency;
			target = 0D2FE3752CAF54C500584F71 /* flashcard */;
			targetProxy = 0D2FE3872CAF54C700584F71 /* PBXContainerItemProxy */;
		};
		0D2FE3922CAF54C700584F71 /* PBXTargetDependency */ = {
			isa = PBXTargetDependency;
			target = 0D2FE3752CAF54C500584F71 /* flashcard */;
			targetProxy = 0D2FE3912CAF54C700584F71 /* PBXContainerItemProxy */;
		};
/* End PBXTargetDependency section */

/* Begin XCBuildConfiguration section */
		0D2FE3982CAF54C700584F71 /* Debug */ = {
			isa = XCBuildConfiguration;
			buildSettings = {
				ALWAYS_SEARCH_USER_PATHS = NO;
				ASSETCATALOG_COMPILER_GENERATE_SWIFT_ASSET_SYMBOL_EXTENSIONS = YES;
				CLANG_ANALYZER_NONNULL = YES;
				CLANG_ANALYZER_NUMBER_OBJECT_CONVERSION = YES_AGGRESSIVE;
				CLANG_CXX_LANGUAGE_STANDARD = "gnu++20";
				CLANG_ENABLE_MODULES = YES;
				CLANG_ENABLE_OBJC_ARC = YES;
				CLANG_ENABLE_OBJC_WEAK = YES;
				CLANG_WARN_BLOCK_CAPTURE_AUTORELEASING = YES;
				CLANG_WARN_BOOL_CONVERSION = YES;
				CLANG_WARN_COMMA = YES;
				CLANG_WARN_CONSTANT_CONVERSION = YES;
				CLANG_WARN_DEPRECATED_OBJC_IMPLEMENTATIONS = YES;
				CLANG_WARN_DIRECT_OBJC_ISA_USAGE = YES_ERROR;
				CLANG_WARN_DOCUMENTATION_COMMENTS = YES;
				CLANG_WARN_EMPTY_BODY = YES;
				CLANG_WARN_ENUM_CONVERSION = YES;
				CLANG_WARN_INFINITE_RECURSION = YES;
				CLANG_WARN_INT_CONVERSION = YES;
				CLANG_WARN_NON_LITERAL_NULL_CONVERSION = YES;
				CLANG_WARN_OBJC_IMPLICIT_RETAIN_SELF = YES;
				CLANG_WARN_OBJC_LITERAL_CONVERSION = YES;
				CLANG_WARN_OBJC_ROOT_CLASS = YES_ERROR;
				CLANG_WARN_QUOTED_INCLUDE_IN_FRAMEWORK_HEADER = YES;
				CLANG_WARN_RANGE_LOOP_ANALYSIS = YES;
				CLANG_WARN_STRICT_PROTOTYPES = YES;
				CLANG_WARN_SUSPICIOUS_MOVE = YES;
				CLANG_WARN_UNGUARDED_AVAILABILITY = YES_AGGRESSIVE;
				CLANG_WARN_UNREACHABLE_CODE = YES;
				CLANG_WARN__DUPLICATE_METHOD_MATCH = YES;
				COPY_PHASE_STRIP = NO;
				DEBUG_INFORMATION_FORMAT = dwarf;
				ENABLE_STRICT_OBJC_MSGSEND = YES;
				ENABLE_TESTABILITY = YES;
				ENABLE_USER_SCRIPT_SANDBOXING = YES;
				GCC_C_LANGUAGE_STANDARD = gnu17;
				GCC_DYNAMIC_NO_PIC = NO;
				GCC_NO_COMMON_BLOCKS = YES;
				GCC_OPTIMIZATION_LEVEL = 0;
				GCC_PREPROCESSOR_DEFINITIONS = (
					"DEBUG=1",
					"$(inherited)",
				);
				GCC_WARN_64_TO_32_BIT_CONVERSION = YES;
				GCC_WARN_ABOUT_RETURN_TYPE = YES_ERROR;
				GCC_WARN_UNDECLARED_SELECTOR = YES;
				GCC_WARN_UNINITIALIZED_AUTOS = YES_AGGRESSIVE;
				GCC_WARN_UNUSED_FUNCTION = YES;
				GCC_WARN_UNUSED_VARIABLE = YES;
				IPHONEOS_DEPLOYMENT_TARGET = 17.5;
				LOCALIZATION_PREFERS_STRING_CATALOGS = YES;
				MTL_ENABLE_DEBUG_INFO = INCLUDE_SOURCE;
				MTL_FAST_MATH = YES;
				ONLY_ACTIVE_ARCH = YES;
				SDKROOT = iphoneos;
				SWIFT_ACTIVE_COMPILATION_CONDITIONS = "DEBUG $(inherited)";
				SWIFT_OPTIMIZATION_LEVEL = "-Onone";
			};
			name = Debug;
		};
		0D2FE3992CAF54C700584F71 /* Release */ = {
			isa = XCBuildConfiguration;
			buildSettings = {
				ALWAYS_SEARCH_USER_PATHS = NO;
				ASSETCATALOG_COMPILER_GENERATE_SWIFT_ASSET_SYMBOL_EXTENSIONS = YES;
				CLANG_ANALYZER_NONNULL = YES;
				CLANG_ANALYZER_NUMBER_OBJECT_CONVERSION = YES_AGGRESSIVE;
				CLANG_CXX_LANGUAGE_STANDARD = "gnu++20";
				CLANG_ENABLE_MODULES = YES;
				CLANG_ENABLE_OBJC_ARC = YES;
				CLANG_ENABLE_OBJC_WEAK = YES;
				CLANG_WARN_BLOCK_CAPTURE_AUTORELEASING = YES;
				CLANG_WARN_BOOL_CONVERSION = YES;
				CLANG_WARN_COMMA = YES;
				CLANG_WARN_CONSTANT_CONVERSION = YES;
				CLANG_WARN_DEPRECATED_OBJC_IMPLEMENTATIONS = YES;
				CLANG_WARN_DIRECT_OBJC_ISA_USAGE = YES_ERROR;
				CLANG_WARN_DOCUMENTATION_COMMENTS = YES;
				CLANG_WARN_EMPTY_BODY = YES;
				CLANG_WARN_ENUM_CONVERSION = YES;
				CLANG_WARN_INFINITE_RECURSION = YES;
				CLANG_WARN_INT_CONVERSION = YES;
				CLANG_WARN_NON_LITERAL_NULL_CONVERSION = YES;
				CLANG_WARN_OBJC_IMPLICIT_RETAIN_SELF = YES;
				CLANG_WARN_OBJC_LITERAL_CONVERSION = YES;
				CLANG_WARN_OBJC_ROOT_CLASS = YES_ERROR;
				CLANG_WARN_QUOTED_INCLUDE_IN_FRAMEWORK_HEADER = YES;
				CLANG_WARN_RANGE_LOOP_ANALYSIS = YES;
				CLANG_WARN_STRICT_PROTOTYPES = YES;
				CLANG_WARN_SUSPICIOUS_MOVE = YES;
				CLANG_WARN_UNGUARDED_AVAILABILITY = YES_AGGRESSIVE;
				CLANG_WARN_UNREACHABLE_CODE = YES;
				CLANG_WARN__DUPLICATE_METHOD_MATCH = YES;
				COPY_PHASE_STRIP = NO;
				DEBUG_INFORMATION_FORMAT = "dwarf-with-dsym";
				ENABLE_NS_ASSERTIONS = NO;
				ENABLE_STRICT_OBJC_MSGSEND = YES;
				ENABLE_USER_SCRIPT_SANDBOXING = YES;
				GCC_C_LANGUAGE_STANDARD = gnu17;
				GCC_NO_COMMON_BLOCKS = YES;
				GCC_WARN_64_TO_32_BIT_CONVERSION = YES;
				GCC_WARN_ABOUT_RETURN_TYPE = YES_ERROR;
				GCC_WARN_UNDECLARED_SELECTOR = YES;
				GCC_WARN_UNINITIALIZED_AUTOS = YES_AGGRESSIVE;
				GCC_WARN_UNUSED_FUNCTION = YES;
				GCC_WARN_UNUSED_VARIABLE = YES;
				IPHONEOS_DEPLOYMENT_TARGET = 17.5;
				LOCALIZATION_PREFERS_STRING_CATALOGS = YES;
				MTL_ENABLE_DEBUG_INFO = NO;
				MTL_FAST_MATH = YES;
				SDKROOT = iphoneos;
				SWIFT_COMPILATION_MODE = wholemodule;
				VALIDATE_PRODUCT = YES;
			};
			name = Release;
		};
		0D2FE39B2CAF54C700584F71 /* Debug */ = {
			isa = XCBuildConfiguration;
			buildSettings = {
				ASSETCATALOG_COMPILER_APPICON_NAME = AppIcon;
				ASSETCATALOG_COMPILER_GLOBAL_ACCENT_COLOR_NAME = AccentColor;
				CODE_SIGN_STYLE = Automatic;
				CURRENT_PROJECT_VERSION = 1;
				DEVELOPMENT_ASSET_PATHS = "\"flashcard/Preview Content\"";
				ENABLE_PREVIEWS = YES;
				GENERATE_INFOPLIST_FILE = YES;
				INFOPLIST_KEY_UIApplicationSceneManifest_Generation = YES;
				INFOPLIST_KEY_UIApplicationSupportsIndirectInputEvents = YES;
				INFOPLIST_KEY_UILaunchScreen_Generation = YES;
				INFOPLIST_KEY_UISupportedInterfaceOrientations_iPad = "UIInterfaceOrientationPortrait UIInterfaceOrientationPortraitUpsideDown UIInterfaceOrientationLandscapeLeft UIInterfaceOrientationLandscapeRight";
				INFOPLIST_KEY_UISupportedInterfaceOrientations_iPhone = "UIInterfaceOrientationPortrait UIInterfaceOrientationLandscapeLeft UIInterfaceOrientationLandscapeRight";
				LD_RUNPATH_SEARCH_PATHS = (
					"$(inherited)",
					"@executable_path/Frameworks",
				);
				MARKETING_VERSION = 1.0;
				PRODUCT_BUNDLE_IDENTIFIER = meghane.flashcard;
				PRODUCT_NAME = "$(TARGET_NAME)";
				SWIFT_EMIT_LOC_STRINGS = YES;
				SWIFT_VERSION = 5.0;
				TARGETED_DEVICE_FAMILY = "1,2";
			};
			name = Debug;
		};
		0D2FE39C2CAF54C700584F71 /* Release */ = {
			isa = XCBuildConfiguration;
			buildSettings = {
				ASSETCATALOG_COMPILER_APPICON_NAME = AppIcon;
				ASSETCATALOG_COMPILER_GLOBAL_ACCENT_COLOR_NAME = AccentColor;
				CODE_SIGN_STYLE = Automatic;
				CURRENT_PROJECT_VERSION = 1;
				DEVELOPMENT_ASSET_PATHS = "\"flashcard/Preview Content\"";
				ENABLE_PREVIEWS = YES;
				GENERATE_INFOPLIST_FILE = YES;
				INFOPLIST_KEY_UIApplicationSceneManifest_Generation = YES;
				INFOPLIST_KEY_UIApplicationSupportsIndirectInputEvents = YES;
				INFOPLIST_KEY_UILaunchScreen_Generation = YES;
				INFOPLIST_KEY_UISupportedInterfaceOrientations_iPad = "UIInterfaceOrientationPortrait UIInterfaceOrientationPortraitUpsideDown UIInterfaceOrientationLandscapeLeft UIInterfaceOrientationLandscapeRight";
				INFOPLIST_KEY_UISupportedInterfaceOrientations_iPhone = "UIInterfaceOrientationPortrait UIInterfaceOrientationLandscapeLeft UIInterfaceOrientationLandscapeRight";
				LD_RUNPATH_SEARCH_PATHS = (
					"$(inherited)",
					"@executable_path/Frameworks",
				);
				MARKETING_VERSION = 1.0;
				PRODUCT_BUNDLE_IDENTIFIER = meghane.flashcard;
				PRODUCT_NAME = "$(TARGET_NAME)";
				SWIFT_EMIT_LOC_STRINGS = YES;
				SWIFT_VERSION = 5.0;
				TARGETED_DEVICE_FAMILY = "1,2";
			};
			name = Release;
		};
		0D2FE39E2CAF54C700584F71 /* Debug */ = {
			isa = XCBuildConfiguration;
			buildSettings = {
				ALWAYS_EMBED_SWIFT_STANDARD_LIBRARIES = YES;
				BUNDLE_LOADER = "$(TEST_HOST)";
				CODE_SIGN_STYLE = Automatic;
				CURRENT_PROJECT_VERSION = 1;
				GENERATE_INFOPLIST_FILE = YES;
				IPHONEOS_DEPLOYMENT_TARGET = 17.5;
				MARKETING_VERSION = 1.0;
				PRODUCT_BUNDLE_IDENTIFIER = meghane.flashcardTests;
				PRODUCT_NAME = "$(TARGET_NAME)";
				SWIFT_EMIT_LOC_STRINGS = NO;
				SWIFT_VERSION = 5.0;
				TARGETED_DEVICE_FAMILY = "1,2";
				TEST_HOST = "$(BUILT_PRODUCTS_DIR)/flashcard.app/$(BUNDLE_EXECUTABLE_FOLDER_PATH)/flashcard";
			};
			name = Debug;
		};
		0D2FE39F2CAF54C700584F71 /* Release */ = {
			isa = XCBuildConfiguration;
			buildSettings = {
				ALWAYS_EMBED_SWIFT_STANDARD_LIBRARIES = YES;
				BUNDLE_LOADER = "$(TEST_HOST)";
				CODE_SIGN_STYLE = Automatic;
				CURRENT_PROJECT_VERSION = 1;
				GENERATE_INFOPLIST_FILE = YES;
				IPHONEOS_DEPLOYMENT_TARGET = 17.5;
				MARKETING_VERSION = 1.0;
				PRODUCT_BUNDLE_IDENTIFIER = meghane.flashcardTests;
				PRODUCT_NAME = "$(TARGET_NAME)";
				SWIFT_EMIT_LOC_STRINGS = NO;
				SWIFT_VERSION = 5.0;
				TARGETED_DEVICE_FAMILY = "1,2";
				TEST_HOST = "$(BUILT_PRODUCTS_DIR)/flashcard.app/$(BUNDLE_EXECUTABLE_FOLDER_PATH)/flashcard";
			};
			name = Release;
		};
		0D2FE3A12CAF54C700584F71 /* Debug */ = {
			isa = XCBuildConfiguration;
			buildSettings = {
				ALWAYS_EMBED_SWIFT_STANDARD_LIBRARIES = YES;
				CODE_SIGN_STYLE = Automatic;
				CURRENT_PROJECT_VERSION = 1;
				GENERATE_INFOPLIST_FILE = YES;
				MARKETING_VERSION = 1.0;
				PRODUCT_BUNDLE_IDENTIFIER = meghane.flashcardUITests;
				PRODUCT_NAME = "$(TARGET_NAME)";
				SWIFT_EMIT_LOC_STRINGS = NO;
				SWIFT_VERSION = 5.0;
				TARGETED_DEVICE_FAMILY = "1,2";
				TEST_TARGET_NAME = flashcard;
			};
			name = Debug;
		};
		0D2FE3A22CAF54C700584F71 /* Release */ = {
			isa = XCBuildConfiguration;
			buildSettings = {
				ALWAYS_EMBED_SWIFT_STANDARD_LIBRARIES = YES;
				CODE_SIGN_STYLE = Automatic;
				CURRENT_PROJECT_VERSION = 1;
				GENERATE_INFOPLIST_FILE = YES;
				MARKETING_VERSION = 1.0;
				PRODUCT_BUNDLE_IDENTIFIER = meghane.flashcardUITests;
				PRODUCT_NAME = "$(TARGET_NAME)";
				SWIFT_EMIT_LOC_STRINGS = NO;
				SWIFT_VERSION = 5.0;
				TARGETED_DEVICE_FAMILY = "1,2";
				TEST_TARGET_NAME = flashcard;
			};
			name = Release;
		};
/* End XCBuildConfiguration section */

/* Begin XCConfigurationList section */
		0D2FE3712CAF54C500584F71 /* Build configuration list for PBXProject "flashcard" */ = {
			isa = XCConfigurationList;
			buildConfigurations = (
				0D2FE3982CAF54C700584F71 /* Debug */,
				0D2FE3992CAF54C700584F71 /* Release */,
			);
			defaultConfigurationIsVisible = 0;
			defaultConfigurationName = Release;
		};
		0D2FE39A2CAF54C700584F71 /* Build configuration list for PBXNativeTarget "flashcard" */ = {
			isa = XCConfigurationList;
			buildConfigurations = (
				0D2FE39B2CAF54C700584F71 /* Debug */,
				0D2FE39C2CAF54C700584F71 /* Release */,
			);
			defaultConfigurationIsVisible = 0;
			defaultConfigurationName = Release;
		};
		0D2FE39D2CAF54C700584F71 /* Build configuration list for PBXNativeTarget "flashcardTests" */ = {
			isa = XCConfigurationList;
			buildConfigurations = (
				0D2FE39E2CAF54C700584F71 /* Debug */,
				0D2FE39F2CAF54C700584F71 /* Release */,
			);
			defaultConfigurationIsVisible = 0;
			defaultConfigurationName = Release;
		};
		0D2FE3A02CAF54C700584F71 /* Build configuration list for PBXNativeTarget "flashcardUITests" */ = {
			isa = XCConfigurationList;
			buildConfigurations = (
				0D2FE3A12CAF54C700584F71 /* Debug */,
				0D2FE3A22CAF54C700584F71 /* Release */,
			);
			defaultConfigurationIsVisible = 0;
			defaultConfigurationName = Release;
		};
/* End XCConfigurationList section */
	};
	rootObject = 0D2FE36E2CAF54C500584F71 /* Project object */;
}
